{
    __meta__ = {
        version = "1.0"
    },
    ["windows|x64"] = {
        ["cmake#f56260b5"] = {
            repo = {
                branch = "master",
                commit = "e71c0ba9b76bcfe6e7085f54de73e08908988112",
                url = "https://github.com/xmake-io/xmake-repo.git"
            },
            version = "4.2.0-rc3"
        },
        ["ninja#f56260b5"] = {
            repo = {
                branch = "master",
                commit = "e71c0ba9b76bcfe6e7085f54de73e08908988112",
                url = "https://github.com/xmake-io/xmake-repo.git"
            },
            version = "1.13.1"
        },
        ["spdlog#09c8c173"] = {
            repo = {
                branch = "master",
                commit = "a0e6000b700d12e74cbba80e562d7b59f49dedb1",
                url = "https://github.com/xmake-io/xmake-repo.git"
            },
            version = "v1.16.0"
        }
    }
}